
Microsoft Visual Studio Solution File, Format Version 12.00
# Visual Studio Version 17
VisualStudioVersion = 17.6.33801.468
MinimumVisualStudioVersion = 10.0.40219.1
Project("{FAE04EC0-301F-11D3-BF4B-00C04F79EFBC}") = "RecapProject1", "RecapProject1.csproj", "{2E991DC3-ACF9-45B9-BB90-F6543CAAE1C8}"
EndProject
Global
	GlobalSection(SolutionConfigurationPlatforms) = preSolution
		Debug|Any CPU = Debug|Any CPU
		Release|Any CPU = Release|Any CPU
	EndGlobalSection
	GlobalSection(ProjectConfigurationPlatforms) = postSolution
		{2E991DC3-ACF9-45B9-BB90-F6543CAAE1C8}.Debug|Any CPU.ActiveCfg = Debug|Any CPU
		{2E991DC3-ACF9-45B9-BB90-F6543CAAE1C8}.Debug|Any CPU.Build.0 = Debug|Any CPU
		{2E991DC3-ACF9-45B9-BB90-F6543CAAE1C8}.Release|Any CPU.ActiveCfg = Release|Any CPU
		{2E991DC3-ACF9-45B9-BB90-F6543CAAE1C8}.Release|Any CPU.Build.0 = Release|Any CPU
	EndGlobalSection
	GlobalSection(SolutionProperties) = preSolution
		HideSolutionNode = FALSE
	EndGlobalSection
	GlobalSection(ExtensibilityGlobals) = postSolution
		SolutionGuid = {5435EFCB-789C-44E2-BE9D-62E747A8E54B}
	EndGlobalSection
EndGlobal
